
Microsoft Visual Studio Solution File, Format Version 11.00
# Visual Studio 2010
Project("{FAE04EC0-301F-11D3-BF4B-00C04F79EFBC}") = "InterfaceTester", "InterfaceTester\InterfaceTester.csproj", "{180C6E49-F3CB-424A-9DF1-9415FA358BB7}"
EndProject
Project("{FAE04EC0-301F-11D3-BF4B-00C04F79EFBC}") = "DemoService", "TestDataProvider\DemoService.csproj", "{5EC4DD62-4FB1-401B-A534-3EDF966BA768}"
EndProject
Project("{FAE04EC0-301F-11D3-BF4B-00C04F79EFBC}") = "DemoInterface", "TestData\DemoInterface.csproj", "{11141747-5132-4243-A189-0A1E655F79C0}"
EndProject
Global
	GlobalSection(SolutionConfigurationPlatforms) = preSolution
		Debug|Any CPU = Debug|Any CPU
		Debug|Mixed Platforms = Debug|Mixed Platforms
		Debug|x86 = Debug|x86
		Release|Any CPU = Release|Any CPU
		Release|Mixed Platforms = Release|Mixed Platforms
		Release|x86 = Release|x86
	EndGlobalSection
	GlobalSection(ProjectConfigurationPlatforms) = postSolution
		{180C6E49-F3CB-424A-9DF1-9415FA358BB7}.Debug|Any CPU.ActiveCfg = Debug|x86
		{180C6E49-F3CB-424A-9DF1-9415FA358BB7}.Debug|Mixed Platforms.ActiveCfg = Debug|x86
		{180C6E49-F3CB-424A-9DF1-9415FA358BB7}.Debug|Mixed Platforms.Build.0 = Debug|x86
		{180C6E49-F3CB-424A-9DF1-9415FA358BB7}.Debug|x86.ActiveCfg = Debug|x86
		{180C6E49-F3CB-424A-9DF1-9415FA358BB7}.Debug|x86.Build.0 = Debug|x86
		{180C6E49-F3CB-424A-9DF1-9415FA358BB7}.Release|Any CPU.ActiveCfg = Release|x86
		{180C6E49-F3CB-424A-9DF1-9415FA358BB7}.Release|Mixed Platforms.ActiveCfg = Release|x86
		{180C6E49-F3CB-424A-9DF1-9415FA358BB7}.Release|Mixed Platforms.Build.0 = Release|x86
		{180C6E49-F3CB-424A-9DF1-9415FA358BB7}.Release|x86.ActiveCfg = Release|x86
		{180C6E49-F3CB-424A-9DF1-9415FA358BB7}.Release|x86.Build.0 = Release|x86
		{5EC4DD62-4FB1-401B-A534-3EDF966BA768}.Debug|Any CPU.ActiveCfg = Debug|x86
		{5EC4DD62-4FB1-401B-A534-3EDF966BA768}.Debug|Mixed Platforms.ActiveCfg = Debug|x86
		{5EC4DD62-4FB1-401B-A534-3EDF966BA768}.Debug|Mixed Platforms.Build.0 = Debug|x86
		{5EC4DD62-4FB1-401B-A534-3EDF966BA768}.Debug|x86.ActiveCfg = Debug|x86
		{5EC4DD62-4FB1-401B-A534-3EDF966BA768}.Debug|x86.Build.0 = Debug|x86
		{5EC4DD62-4FB1-401B-A534-3EDF966BA768}.Release|Any CPU.ActiveCfg = Release|x86
		{5EC4DD62-4FB1-401B-A534-3EDF966BA768}.Release|Mixed Platforms.ActiveCfg = Release|x86
		{5EC4DD62-4FB1-401B-A534-3EDF966BA768}.Release|Mixed Platforms.Build.0 = Release|x86
		{5EC4DD62-4FB1-401B-A534-3EDF966BA768}.Release|x86.ActiveCfg = Release|x86
		{5EC4DD62-4FB1-401B-A534-3EDF966BA768}.Release|x86.Build.0 = Release|x86
		{11141747-5132-4243-A189-0A1E655F79C0}.Debug|Any CPU.ActiveCfg = Debug|Any CPU
		{11141747-5132-4243-A189-0A1E655F79C0}.Debug|Any CPU.Build.0 = Debug|Any CPU
		{11141747-5132-4243-A189-0A1E655F79C0}.Debug|Mixed Platforms.ActiveCfg = Debug|Any CPU
		{11141747-5132-4243-A189-0A1E655F79C0}.Debug|Mixed Platforms.Build.0 = Debug|Any CPU
		{11141747-5132-4243-A189-0A1E655F79C0}.Debug|x86.ActiveCfg = Debug|Any CPU
		{11141747-5132-4243-A189-0A1E655F79C0}.Release|Any CPU.ActiveCfg = Release|Any CPU
		{11141747-5132-4243-A189-0A1E655F79C0}.Release|Any CPU.Build.0 = Release|Any CPU
		{11141747-5132-4243-A189-0A1E655F79C0}.Release|Mixed Platforms.ActiveCfg = Release|Any CPU
		{11141747-5132-4243-A189-0A1E655F79C0}.Release|Mixed Platforms.Build.0 = Release|Any CPU
		{11141747-5132-4243-A189-0A1E655F79C0}.Release|x86.ActiveCfg = Release|Any CPU
	EndGlobalSection
	GlobalSection(SolutionProperties) = preSolution
		HideSolutionNode = FALSE
	EndGlobalSection
EndGlobal
